<Solution>
  <Folder Name="/Task0/">
    <Project Path="Tyuiu.YampolskyMO.Sprint0.Task0.V0/Tyuiu.YampolskyMO.Sprint0.Task0.V0.csproj" />
  </Folder>
  <Folder Name="/Task1/">
    <Project Path="Tyuiu.YampolskyMO.Sprint0.Task1.V0/Tyuiu.YampolskyMO.Sprint0.Task1.V0.csproj" />
  </Folder>
  <Folder Name="/Task2/">
    <Project Path="Tyuiu.YampolskyMO.Sprint0.Task2.V0.Lib/Tyuiu.YampolskyMO.Sprint0.Task2.V0.Lib.csproj" Id="b553e906-a826-48dc-8bc5-17866ac5a634" />
    <Project Path="Tyuiu.YampolskyMO.Sprint0.Task2.V0.Test/Tyuiu.YampolskyMO.Sprint0.Task2.V0.Test.csproj" Id="ae09303d-e986-4f72-8d88-9b05896e1648" />
    <Project Path="Tyuiu.YampolskyMO.Sprint0.Task2.V0/Tyuiu.YampolskyMO.Sprint0.Task2.V0.csproj" Id="9951972f-7352-43dc-afdd-14aafe965155" />
  </Folder>
  <Folder Name="/Task3/">
    <Project Path="Tyuiu.YampolskyMO.Sprint0.Task3.V0.Lib/Tyuiu.YampolskyMO.Sprint0.Task3.V0.Lib.csproj" Id="db59a908-f024-4401-825a-027dad211030" />
    <Project Path="Tyuiu.YampolskyMO.Sprint0.Task3.V0.Test/Tyuiu.YampolskyMO.Sprint0.Task3.V0.Test.csproj" Id="83d6f8cd-44ba-42b0-b965-176800991c92" />
    <Project Path="Tyuiu.YampolskyMO.Sprint0.Task3.V0/Tyuiu.YampolskyMO.Sprint0.Task3.V0.csproj" Id="20ca3653-0602-4f8b-b8d7-0e6f4e602bf1" />
  </Folder>
  <Folder Name="/Task4/">
    <Project Path="Tyuiu.YampolskyMO.Sprint0.Task4.V0.Lib/Tyuiu.YampolskyMO.Sprint0.Task4.V0.Lib.csproj" Id="35e607a9-4423-447b-8f15-7ca95ea00681" />
    <Project Path="Tyuiu.YampolskyMO.Sprint0.Task4.V0.Test/Tyuiu.YampolskyMO.Sprint0.Task4.V0.Test.csproj" Id="b1033ba4-4430-4397-9255-5f93559a5b65" />
    <Project Path="Tyuiu.YampolskyMO.Sprint0.Task4.V0/Tyuiu.YampolskyMO.Sprint0.Task4.V0.csproj" Id="98e5d834-6c01-4b24-8ebe-93bd1227ddd7" />
  </Folder>
  <Folder Name="/Task5/">
    <Project Path="Tyuiu.YampolskyMO.Sprint0.Task5.V0.Lib/Tyuiu.YampolskyMO.Sprint0.Task5.V0.Lib.csproj" Id="07793cb2-619e-47e1-87c3-e2d9c8a646fa" />
    <Project Path="Tyuiu.YampolskyMO.Sprint0.Task5.V0.Test/Tyuiu.YampolskyMO.Sprint0.Task5.V0.Test.csproj" Id="1119c6b8-8c7b-49e8-9ac0-d81e4c6641c8" />
    <Project Path="Tyuiu.YampolskyMO.Sprint0.Task5.V0/Tyuiu.YampolskyMO.Sprint0.Task5.V0.csproj" Id="724e3972-33cf-4455-b387-27888aab527e" />
  </Folder>
  <Folder Name="/Task6/">
    <Project Path="Tyuiu.YampolskyMO.Sprint0.Task6.V0.Lib/Tyuiu.YampolskyMO.Sprint0.Task6.V0.Lib.csproj" Id="4ee023d3-e5d4-49a0-8b99-86bbbe69ab67" />
    <Project Path="Tyuiu.YampolskyMO.Sprint0.Task6.V0.Test/Tyuiu.YampolskyMO.Sprint0.Task6.V0.Test.csproj" Id="a88dfe87-4928-4cae-a568-ac646399cc05" />
    <Project Path="Tyuiu.YampolskyMO.Sprint0.Task6.V0/Tyuiu.YampolskyMO.Sprint0.Task6.V0.csproj" Id="be647fce-f99d-49b8-99f3-073703b15c29" />
  </Folder>
  <Folder Name="/Task7/" />
</Solution>
